
Microsoft Visual Studio Solution File, Format Version 12.00
# Visual Studio 2012
Project("{FAE04EC0-301F-11D3-BF4B-00C04F79EFBC}") = "04HelloCSharp", "04HelloCSharp\04HelloCSharp.csproj", "{9882BBB6-825A-4B1B-90B2-59DE94539C51}"
EndProject
Project("{FAE04EC0-301F-11D3-BF4B-00C04F79EFBC}") = "05PrintMyName", "05PrintMyName\05PrintMyName.csproj", "{B4BC82D2-7AF4-43EA-82F5-50BB9470159F}"
EndProject
Project("{FAE04EC0-301F-11D3-BF4B-00C04F79EFBC}") = "06PrintNumbers", "06PrintNumbers\06PrintNumbers.csproj", "{09DA2542-678E-43B0-90FB-C0A4176EA963}"
EndProject
Project("{FAE04EC0-301F-11D3-BF4B-00C04F79EFBC}") = "07PrintFirstAndLastName", "07PrintFirstAndLastName\07PrintFirstAndLastName.csproj", "{15150ED8-028F-4C73-BE40-E2CB97FC12C2}"
EndProject
Project("{FAE04EC0-301F-11D3-BF4B-00C04F79EFBC}") = "08SquareRoot", "08SquareRoot\08SquareRoot.csproj", "{BAC1B78B-71F1-409B-9D20-D197E05346B9}"
EndProject
Project("{FAE04EC0-301F-11D3-BF4B-00C04F79EFBC}") = "09PrintASequence", "09PrintASequence\09PrintASequence.csproj", "{7943A9A3-952C-43FF-BD49-09F7A1A2578F}"
EndProject
Project("{FAE04EC0-301F-11D3-BF4B-00C04F79EFBC}") = "10ReformatCSharpCode", "10ReformatCSharpCode\10ReformatCSharpCode.csproj", "{C89D33A7-F9C9-4723-A2E6-9B615719456C}"
EndProject
Project("{FAE04EC0-301F-11D3-BF4B-00C04F79EFBC}") = "14CurrentDateAndTime", "14CurrentDateAndTime\14CurrentDateAndTime.csproj", "{C50A8A79-A5FC-461D-96E4-980317645FA5}"
EndProject
Project("{FAE04EC0-301F-11D3-BF4B-00C04F79EFBC}") = "15AgeAfter10Years", "15AgeAfter10Years\15AgeAfter10Years.csproj", "{29DD39E0-79E8-49D5-852B-F9AEEA92E219}"
EndProject
Project("{FAE04EC0-301F-11D3-BF4B-00C04F79EFBC}") = "16PrintLongSequence", "16PrintLongSequence\16PrintLongSequence.csproj", "{7F30C769-F7E4-4E0A-A5DA-B2DC525F3306}"
EndProject
Global
	GlobalSection(SolutionConfigurationPlatforms) = preSolution
		Debug|Any CPU = Debug|Any CPU
		Release|Any CPU = Release|Any CPU
	EndGlobalSection
	GlobalSection(ProjectConfigurationPlatforms) = postSolution
		{9882BBB6-825A-4B1B-90B2-59DE94539C51}.Debug|Any CPU.ActiveCfg = Debug|Any CPU
		{9882BBB6-825A-4B1B-90B2-59DE94539C51}.Debug|Any CPU.Build.0 = Debug|Any CPU
		{9882BBB6-825A-4B1B-90B2-59DE94539C51}.Release|Any CPU.ActiveCfg = Release|Any CPU
		{9882BBB6-825A-4B1B-90B2-59DE94539C51}.Release|Any CPU.Build.0 = Release|Any CPU
		{B4BC82D2-7AF4-43EA-82F5-50BB9470159F}.Debug|Any CPU.ActiveCfg = Debug|Any CPU
		{B4BC82D2-7AF4-43EA-82F5-50BB9470159F}.Debug|Any CPU.Build.0 = Debug|Any CPU
		{B4BC82D2-7AF4-43EA-82F5-50BB9470159F}.Release|Any CPU.ActiveCfg = Release|Any CPU
		{B4BC82D2-7AF4-43EA-82F5-50BB9470159F}.Release|Any CPU.Build.0 = Release|Any CPU
		{09DA2542-678E-43B0-90FB-C0A4176EA963}.Debug|Any CPU.ActiveCfg = Debug|Any CPU
		{09DA2542-678E-43B0-90FB-C0A4176EA963}.Debug|Any CPU.Build.0 = Debug|Any CPU
		{09DA2542-678E-43B0-90FB-C0A4176EA963}.Release|Any CPU.ActiveCfg = Release|Any CPU
		{09DA2542-678E-43B0-90FB-C0A4176EA963}.Release|Any CPU.Build.0 = Release|Any CPU
		{15150ED8-028F-4C73-BE40-E2CB97FC12C2}.Debug|Any CPU.ActiveCfg = Debug|Any CPU
		{15150ED8-028F-4C73-BE40-E2CB97FC12C2}.Debug|Any CPU.Build.0 = Debug|Any CPU
		{15150ED8-028F-4C73-BE40-E2CB97FC12C2}.Release|Any CPU.ActiveCfg = Release|Any CPU
		{15150ED8-028F-4C73-BE40-E2CB97FC12C2}.Release|Any CPU.Build.0 = Release|Any CPU
		{BAC1B78B-71F1-409B-9D20-D197E05346B9}.Debug|Any CPU.ActiveCfg = Debug|Any CPU
		{BAC1B78B-71F1-409B-9D20-D197E05346B9}.Debug|Any CPU.Build.0 = Debug|Any CPU
		{BAC1B78B-71F1-409B-9D20-D197E05346B9}.Release|Any CPU.ActiveCfg = Release|Any CPU
		{BAC1B78B-71F1-409B-9D20-D197E05346B9}.Release|Any CPU.Build.0 = Release|Any CPU
		{7943A9A3-952C-43FF-BD49-09F7A1A2578F}.Debug|Any CPU.ActiveCfg = Debug|Any CPU
		{7943A9A3-952C-43FF-BD49-09F7A1A2578F}.Debug|Any CPU.Build.0 = Debug|Any CPU
		{7943A9A3-952C-43FF-BD49-09F7A1A2578F}.Release|Any CPU.ActiveCfg = Release|Any CPU
		{7943A9A3-952C-43FF-BD49-09F7A1A2578F}.Release|Any CPU.Build.0 = Release|Any CPU
		{C89D33A7-F9C9-4723-A2E6-9B615719456C}.Debug|Any CPU.ActiveCfg = Debug|Any CPU
		{C89D33A7-F9C9-4723-A2E6-9B615719456C}.Debug|Any CPU.Build.0 = Debug|Any CPU
		{C89D33A7-F9C9-4723-A2E6-9B615719456C}.Release|Any CPU.ActiveCfg = Release|Any CPU
		{C89D33A7-F9C9-4723-A2E6-9B615719456C}.Release|Any CPU.Build.0 = Release|Any CPU
		{C50A8A79-A5FC-461D-96E4-980317645FA5}.Debug|Any CPU.ActiveCfg = Debug|Any CPU
		{C50A8A79-A5FC-461D-96E4-980317645FA5}.Debug|Any CPU.Build.0 = Debug|Any CPU
		{C50A8A79-A5FC-461D-96E4-980317645FA5}.Release|Any CPU.ActiveCfg = Release|Any CPU
		{C50A8A79-A5FC-461D-96E4-980317645FA5}.Release|Any CPU.Build.0 = Release|Any CPU
		{29DD39E0-79E8-49D5-852B-F9AEEA92E219}.Debug|Any CPU.ActiveCfg = Debug|Any CPU
		{29DD39E0-79E8-49D5-852B-F9AEEA92E219}.Debug|Any CPU.Build.0 = Debug|Any CPU
		{29DD39E0-79E8-49D5-852B-F9AEEA92E219}.Release|Any CPU.ActiveCfg = Release|Any CPU
		{29DD39E0-79E8-49D5-852B-F9AEEA92E219}.Release|Any CPU.Build.0 = Release|Any CPU
		{7F30C769-F7E4-4E0A-A5DA-B2DC525F3306}.Debug|Any CPU.ActiveCfg = Debug|Any CPU
		{7F30C769-F7E4-4E0A-A5DA-B2DC525F3306}.Debug|Any CPU.Build.0 = Debug|Any CPU
		{7F30C769-F7E4-4E0A-A5DA-B2DC525F3306}.Release|Any CPU.ActiveCfg = Release|Any CPU
		{7F30C769-F7E4-4E0A-A5DA-B2DC525F3306}.Release|Any CPU.Build.0 = Release|Any CPU
	EndGlobalSection
	GlobalSection(SolutionProperties) = preSolution
		HideSolutionNode = FALSE
	EndGlobalSection
EndGlobal
